// !$*UTF8*$!
{
	archiveVersion = 1;
	classes = {
	};
	objectVersion = 46;
	objects = {

/* Begin PBXBuildFile section */
		8ECA74131C06AF0000ECE0AE /* main.m in Sources */ = {isa = PBXBuildFile; fileRef = 8ECA74121C06AF0000ECE0AE /* main.m */; };
		8ECA74161C06AF0000ECE0AE /* AppDelegate.m in Sources */ = {isa = PBXBuildFile; fileRef = 8ECA74151C06AF0000ECE0AE /* AppDelegate.m */; };
		8ECA741C1C06AF0000ECE0AE /* Main.storyboard in Resources */ = {isa = PBXBuildFile; fileRef = 8ECA741A1C06AF0000ECE0AE /* Main.storyboard */; };
		8ECA741E1C06AF0000ECE0AE /* Assets.xcassets in Resources */ = {isa = PBXBuildFile; fileRef = 8ECA741D1C06AF0000ECE0AE /* Assets.xcassets */; };
		8ECA74211C06AF0000ECE0AE /* LaunchScreen.storyboard in Resources */ = {isa = PBXBuildFile; fileRef = 8ECA741F1C06AF0000ECE0AE /* LaunchScreen.storyboard */; };
		8ECA742C1C06AF0000ECE0AE /* ZZReactiveCocoaTests.m in Sources */ = {isa = PBXBuildFile; fileRef = 8ECA742B1C06AF0000ECE0AE /* ZZReactiveCocoaTests.m */; };
		8ECA74371C06AF0000ECE0AE /* ZZReactiveCocoaUITests.m in Sources */ = {isa = PBXBuildFile; fileRef = 8ECA74361C06AF0000ECE0AE /* ZZReactiveCocoaUITests.m */; };
		8ECA74591C07179300ECE0AE /* 001.png in Resources */ = {isa = PBXBuildFile; fileRef = 8ECA74571C07179300ECE0AE /* 001.png */; };
		8ECA745A1C07179300ECE0AE /* 003.png in Resources */ = {isa = PBXBuildFile; fileRef = 8ECA74581C07179300ECE0AE /* 003.png */; };
		8EE14CA21D51F3D600751590 /* HXH_RACSubject.m in Sources */ = {isa = PBXBuildFile; fileRef = 8EE14CA11D51F3D600751590 /* HXH_RACSubject.m */; };
		8EE14CA51D51F5AF00751590 /* HXH_RACTuple.m in Sources */ = {isa = PBXBuildFile; fileRef = 8EE14CA41D51F5AF00751590 /* HXH_RACTuple.m */; };
		8EE14CA81D521F8D00751590 /* HXH_RACCommand.m in Sources */ = {isa = PBXBuildFile; fileRef = 8EE14CA71D521F8D00751590 /* HXH_RACCommand.m */; };
		8EE14CAB1D52225800751590 /* HXH_RACMulticastConnection.m in Sources */ = {isa = PBXBuildFile; fileRef = 8EE14CAA1D52225800751590 /* HXH_RACMulticastConnection.m */; };
		8EE14CAF1D5227A900751590 /* HXH_RACNormalUse.m in Sources */ = {isa = PBXBuildFile; fileRef = 8EE14CAE1D5227A900751590 /* HXH_RACNormalUse.m */; };
		8EEF6E441D51CEFA00C59360 /* libAFNetworking.a in Frameworks */ = {isa = PBXBuildFile; fileRef = 8EEF6E421D51CEFA00C59360 /* libAFNetworking.a */; };
		8EEF6E451D51CEFA00C59360 /* libPods-ZZReactiveCocoa.a in Frameworks */ = {isa = PBXBuildFile; fileRef = 8EEF6E431D51CEFA00C59360 /* libPods-ZZReactiveCocoa.a */; };
		8EEF6E481D51CF0A00C59360 /* libReactiveCocoa.a in Frameworks */ = {isa = PBXBuildFile; fileRef = 8EEF6E461D51CF0A00C59360 /* libReactiveCocoa.a */; };
		8EEF6E491D51CF0A00C59360 /* libSDWebImage.a in Frameworks */ = {isa = PBXBuildFile; fileRef = 8EEF6E471D51CF0A00C59360 /* libSDWebImage.a */; };
		8EEF6E681D51EEA400C59360 /* RACBase.m in Sources */ = {isa = PBXBuildFile; fileRef = 8EEF6E591D51EEA400C59360 /* RACBase.m */; };
		8EEF6E691D51EEA400C59360 /* RACBaseViewController.m in Sources */ = {isa = PBXBuildFile; fileRef = 8EEF6E5B1D51EEA400C59360 /* RACBaseViewController.m */; };
		8EEF6E6A1D51EEA400C59360 /* LoginSuccessViewController.m in Sources */ = {isa = PBXBuildFile; fileRef = 8EEF6E5E1D51EEA400C59360 /* LoginSuccessViewController.m */; };
		8EEF6E6B1D51EEA400C59360 /* LoginViewController.m in Sources */ = {isa = PBXBuildFile; fileRef = 8EEF6E601D51EEA400C59360 /* LoginViewController.m */; };
		8EEF6E6C1D51EEA400C59360 /* LoginViewModel.m in Sources */ = {isa = PBXBuildFile; fileRef = 8EEF6E621D51EEA400C59360 /* LoginViewModel.m */; };
		8EEF6E6D1D51EEA400C59360 /* DemoItem.m in Sources */ = {isa = PBXBuildFile; fileRef = 8EEF6E651D51EEA400C59360 /* DemoItem.m */; };
		8EEF6E6E1D51EEA400C59360 /* ViewController.m in Sources */ = {isa = PBXBuildFile; fileRef = 8EEF6E671D51EEA400C59360 /* ViewController.m */; };
		8EEF6E711D51EF8A00C59360 /* HXH_RACSignal.m in Sources */ = {isa = PBXBuildFile; fileRef = 8EEF6E701D51EF8A00C59360 /* HXH_RACSignal.m */; };
/* End PBXBuildFile section */

/* Begin PBXContainerItemProxy section */
		8ECA74281C06AF0000ECE0AE /* PBXContainerItemProxy */ = {
			isa = PBXContainerItemProxy;
			containerPortal = 8ECA74061C06AF0000ECE0AE /* Project object */;
			proxyType = 1;
			remoteGlobalIDString = 8ECA740D1C06AF0000ECE0AE;
			remoteInfo = ZZReactiveCocoa;
		};
		8ECA74331C06AF0000ECE0AE /* PBXContainerItemProxy */ = {
			isa = PBXContainerItemProxy;
			containerPortal = 8ECA74061C06AF0000ECE0AE /* Project object */;
			proxyType = 1;
			remoteGlobalIDString = 8ECA740D1C06AF0000ECE0AE;
			remoteInfo = ZZReactiveCocoa;
		};
/* End PBXContainerItemProxy section */

/* Begin PBXFileReference section */
		07B0C04FCAEB8812DF628219 /* Pods-ZZReactiveCocoa.release.xcconfig */ = {isa = PBXFileReference; includeInIndex = 1; lastKnownFileType = text.xcconfig; name = "Pods-ZZReactiveCocoa.release.xcconfig"; path = "Pods/Target Support Files/Pods-ZZReactiveCocoa/Pods-ZZReactiveCocoa.release.xcconfig"; sourceTree = "<group>"; };
		1968578E9FCA0B0F7DF5E232 /* Pods.release.xcconfig */ = {isa = PBXFileReference; includeInIndex = 1; lastKnownFileType = text.xcconfig; name = Pods.release.xcconfig; path = "Pods/Target Support Files/Pods/Pods.release.xcconfig"; sourceTree = "<group>"; };
		7C1397C39A1BB0E666E7C57B /* libPods-ZZReactiveCocoa.a */ = {isa = PBXFileReference; explicitFileType = archive.ar; includeInIndex = 0; path = "libPods-ZZReactiveCocoa.a"; sourceTree = BUILT_PRODUCTS_DIR; };
		8C0508FDE32F231DC73ABA0B /* Pods-ZZReactiveCocoa.debug.xcconfig */ = {isa = PBXFileReference; includeInIndex = 1; lastKnownFileType = text.xcconfig; name = "Pods-ZZReactiveCocoa.debug.xcconfig"; path = "Pods/Target Support Files/Pods-ZZReactiveCocoa/Pods-ZZReactiveCocoa.debug.xcconfig"; sourceTree = "<group>"; };
		8ECA740E1C06AF0000ECE0AE /* ZZReactiveCocoa.app */ = {isa = PBXFileReference; explicitFileType = wrapper.application; includeInIndex = 0; path = ZZReactiveCocoa.app; sourceTree = BUILT_PRODUCTS_DIR; };
		8ECA74121C06AF0000ECE0AE /* main.m */ = {isa = PBXFileReference; lastKnownFileType = sourcecode.c.objc; path = main.m; sourceTree = "<group>"; };
		8ECA74141C06AF0000ECE0AE /* AppDelegate.h */ = {isa = PBXFileReference; lastKnownFileType = sourcecode.c.h; path = AppDelegate.h; sourceTree = "<group>"; };
		8ECA74151C06AF0000ECE0AE /* AppDelegate.m */ = {isa = PBXFileReference; lastKnownFileType = sourcecode.c.objc; path = AppDelegate.m; sourceTree = "<group>"; };
		8ECA741B1C06AF0000ECE0AE /* Base */ = {isa = PBXFileReference; lastKnownFileType = file.storyboard; name = Base; path = Base.lproj/Main.storyboard; sourceTree = "<group>"; };
		8ECA741D1C06AF0000ECE0AE /* Assets.xcassets */ = {isa = PBXFileReference; lastKnownFileType = folder.assetcatalog; path = Assets.xcassets; sourceTree = "<group>"; };
		8ECA74201C06AF0000ECE0AE /* Base */ = {isa = PBXFileReference; lastKnownFileType = file.storyboard; name = Base; path = Base.lproj/LaunchScreen.storyboard; sourceTree = "<group>"; };
		8ECA74221C06AF0000ECE0AE /* Info.plist */ = {isa = PBXFileReference; lastKnownFileType = text.plist.xml; path = Info.plist; sourceTree = "<group>"; };
		8ECA74271C06AF0000ECE0AE /* ZZReactiveCocoaTests.xctest */ = {isa = PBXFileReference; explicitFileType = wrapper.cfbundle; includeInIndex = 0; path = ZZReactiveCocoaTests.xctest; sourceTree = BUILT_PRODUCTS_DIR; };
		8ECA742B1C06AF0000ECE0AE /* ZZReactiveCocoaTests.m */ = {isa = PBXFileReference; lastKnownFileType = sourcecode.c.objc; path = ZZReactiveCocoaTests.m; sourceTree = "<group>"; };
		8ECA742D1C06AF0000ECE0AE /* Info.plist */ = {isa = PBXFileReference; lastKnownFileType = text.plist.xml; path = Info.plist; sourceTree = "<group>"; };
		8ECA74321C06AF0000ECE0AE /* ZZReactiveCocoaUITests.xctest */ = {isa = PBXFileReference; explicitFileType = wrapper.cfbundle; includeInIndex = 0; path = ZZReactiveCocoaUITests.xctest; sourceTree = BUILT_PRODUCTS_DIR; };
		8ECA74361C06AF0000ECE0AE /* ZZReactiveCocoaUITests.m */ = {isa = PBXFileReference; lastKnownFileType = sourcecode.c.objc; path = ZZReactiveCocoaUITests.m; sourceTree = "<group>"; };
		8ECA74381C06AF0000ECE0AE /* Info.plist */ = {isa = PBXFileReference; lastKnownFileType = text.plist.xml; path = Info.plist; sourceTree = "<group>"; };
		8ECA74451C06B5B600ECE0AE /* PrefixHeader.pch */ = {isa = PBXFileReference; lastKnownFileType = sourcecode.c.h; path = PrefixHeader.pch; sourceTree = "<group>"; };
		8ECA74571C07179300ECE0AE /* 001.png */ = {isa = PBXFileReference; lastKnownFileType = image.png; path = 001.png; sourceTree = "<group>"; };
		8ECA74581C07179300ECE0AE /* 003.png */ = {isa = PBXFileReference; lastKnownFileType = image.png; path = 003.png; sourceTree = "<group>"; };
		8EE14CA01D51F3D600751590 /* HXH_RACSubject.h */ = {isa = PBXFileReference; fileEncoding = 4; lastKnownFileType = sourcecode.c.h; path = HXH_RACSubject.h; sourceTree = "<group>"; };
		8EE14CA11D51F3D600751590 /* HXH_RACSubject.m */ = {isa = PBXFileReference; fileEncoding = 4; lastKnownFileType = sourcecode.c.objc; path = HXH_RACSubject.m; sourceTree = "<group>"; };
		8EE14CA31D51F5AF00751590 /* HXH_RACTuple.h */ = {isa = PBXFileReference; fileEncoding = 4; lastKnownFileType = sourcecode.c.h; path = HXH_RACTuple.h; sourceTree = "<group>"; };
		8EE14CA41D51F5AF00751590 /* HXH_RACTuple.m */ = {isa = PBXFileReference; fileEncoding = 4; lastKnownFileType = sourcecode.c.objc; path = HXH_RACTuple.m; sourceTree = "<group>"; };
		8EE14CA61D521F8D00751590 /* HXH_RACCommand.h */ = {isa = PBXFileReference; fileEncoding = 4; lastKnownFileType = sourcecode.c.h; path = HXH_RACCommand.h; sourceTree = "<group>"; };
		8EE14CA71D521F8D00751590 /* HXH_RACCommand.m */ = {isa = PBXFileReference; fileEncoding = 4; lastKnownFileType = sourcecode.c.objc; path = HXH_RACCommand.m; sourceTree = "<group>"; };
		8EE14CA91D52225800751590 /* HXH_RACMulticastConnection.h */ = {isa = PBXFileReference; fileEncoding = 4; lastKnownFileType = sourcecode.c.h; path = HXH_RACMulticastConnection.h; sourceTree = "<group>"; };
		8EE14CAA1D52225800751590 /* HXH_RACMulticastConnection.m */ = {isa = PBXFileReference; fileEncoding = 4; lastKnownFileType = sourcecode.c.objc; path = HXH_RACMulticastConnection.m; sourceTree = "<group>"; };
		8EE14CAD1D5227A900751590 /* HXH_RACNormalUse.h */ = {isa = PBXFileReference; fileEncoding = 4; lastKnownFileType = sourcecode.c.h; path = HXH_RACNormalUse.h; sourceTree = "<group>"; };
		8EE14CAE1D5227A900751590 /* HXH_RACNormalUse.m */ = {isa = PBXFileReference; fileEncoding = 4; lastKnownFileType = sourcecode.c.objc; path = HXH_RACNormalUse.m; sourceTree = "<group>"; };
		8EEF6E3C1D51CBA000C59360 /* AFNetworking.framework */ = {isa = PBXFileReference; lastKnownFileType = wrapper.framework; name = AFNetworking.framework; path = "Pods/../build/Debug-iphoneos/AFNetworking/AFNetworking.framework"; sourceTree = "<group>"; };
		8EEF6E3D1D51CBA000C59360 /* ReactiveCocoa.framework */ = {isa = PBXFileReference; lastKnownFileType = wrapper.framework; name = ReactiveCocoa.framework; path = "Pods/../build/Debug-iphoneos/ReactiveCocoa/ReactiveCocoa.framework"; sourceTree = "<group>"; };
		8EEF6E3E1D51CBA000C59360 /* SDWebImage.framework */ = {isa = PBXFileReference; lastKnownFileType = wrapper.framework; name = SDWebImage.framework; path = "Pods/../build/Debug-iphoneos/SDWebImage/SDWebImage.framework"; sourceTree = "<group>"; };
		8EEF6E421D51CEFA00C59360 /* libAFNetworking.a */ = {isa = PBXFileReference; lastKnownFileType = archive.ar; name = libAFNetworking.a; path = "../../Library/Developer/Xcode/DerivedData/ZZReactiveCocoa-ggnnevhocppybxcnjjxigbbwwfqx/Build/Products/Debug-iphonesimulator/AFNetworking/libAFNetworking.a"; sourceTree = "<group>"; };
		8EEF6E431D51CEFA00C59360 /* libPods-ZZReactiveCocoa.a */ = {isa = PBXFileReference; lastKnownFileType = archive.ar; name = "libPods-ZZReactiveCocoa.a"; path = "../../Library/Developer/Xcode/DerivedData/ZZReactiveCocoa-ggnnevhocppybxcnjjxigbbwwfqx/Build/Products/Debug-iphonesimulator/libPods-ZZReactiveCocoa.a"; sourceTree = "<group>"; };
		8EEF6E461D51CF0A00C59360 /* libReactiveCocoa.a */ = {isa = PBXFileReference; lastKnownFileType = archive.ar; name = libReactiveCocoa.a; path = "../../Library/Developer/Xcode/DerivedData/ZZReactiveCocoa-ggnnevhocppybxcnjjxigbbwwfqx/Build/Products/Debug-iphonesimulator/ReactiveCocoa/libReactiveCocoa.a"; sourceTree = "<group>"; };
		8EEF6E471D51CF0A00C59360 /* libSDWebImage.a */ = {isa = PBXFileReference; lastKnownFileType = archive.ar; name = libSDWebImage.a; path = "../../Library/Developer/Xcode/DerivedData/ZZReactiveCocoa-ggnnevhocppybxcnjjxigbbwwfqx/Build/Products/Debug-iphonesimulator/SDWebImage/libSDWebImage.a"; sourceTree = "<group>"; };
		8EEF6E581D51EEA400C59360 /* RACBase.h */ = {isa = PBXFileReference; fileEncoding = 4; lastKnownFileType = sourcecode.c.h; path = RACBase.h; sourceTree = "<group>"; };
		8EEF6E591D51EEA400C59360 /* RACBase.m */ = {isa = PBXFileReference; fileEncoding = 4; lastKnownFileType = sourcecode.c.objc; path = RACBase.m; sourceTree = "<group>"; };
		8EEF6E5A1D51EEA400C59360 /* RACBaseViewController.h */ = {isa = PBXFileReference; fileEncoding = 4; lastKnownFileType = sourcecode.c.h; path = RACBaseViewController.h; sourceTree = "<group>"; };
		8EEF6E5B1D51EEA400C59360 /* RACBaseViewController.m */ = {isa = PBXFileReference; fileEncoding = 4; lastKnownFileType = sourcecode.c.objc; path = RACBaseViewController.m; sourceTree = "<group>"; };
		8EEF6E5D1D51EEA400C59360 /* LoginSuccessViewController.h */ = {isa = PBXFileReference; fileEncoding = 4; lastKnownFileType = sourcecode.c.h; path = LoginSuccessViewController.h; sourceTree = "<group>"; };
		8EEF6E5E1D51EEA400C59360 /* LoginSuccessViewController.m */ = {isa = PBXFileReference; fileEncoding = 4; lastKnownFileType = sourcecode.c.objc; path = LoginSuccessViewController.m; sourceTree = "<group>"; };
		8EEF6E5F1D51EEA400C59360 /* LoginViewController.h */ = {isa = PBXFileReference; fileEncoding = 4; lastKnownFileType = sourcecode.c.h; path = LoginViewController.h; sourceTree = "<group>"; };
		8EEF6E601D51EEA400C59360 /* LoginViewController.m */ = {isa = PBXFileReference; fileEncoding = 4; lastKnownFileType = sourcecode.c.objc; path = LoginViewController.m; sourceTree = "<group>"; };
		8EEF6E611D51EEA400C59360 /* LoginViewModel.h */ = {isa = PBXFileReference; fileEncoding = 4; lastKnownFileType = sourcecode.c.h; path = LoginViewModel.h; sourceTree = "<group>"; };
		8EEF6E621D51EEA400C59360 /* LoginViewModel.m */ = {isa = PBXFileReference; fileEncoding = 4; lastKnownFileType = sourcecode.c.objc; path = LoginViewModel.m; sourceTree = "<group>"; };
		8EEF6E641D51EEA400C59360 /* DemoItem.h */ = {isa = PBXFileReference; fileEncoding = 4; lastKnownFileType = sourcecode.c.h; path = DemoItem.h; sourceTree = "<group>"; };
		8EEF6E651D51EEA400C59360 /* DemoItem.m */ = {isa = PBXFileReference; fileEncoding = 4; lastKnownFileType = sourcecode.c.objc; path = DemoItem.m; sourceTree = "<group>"; };
		8EEF6E661D51EEA400C59360 /* ViewController.h */ = {isa = PBXFileReference; fileEncoding = 4; lastKnownFileType = sourcecode.c.h; path = ViewController.h; sourceTree = "<group>"; };
		8EEF6E671D51EEA400C59360 /* ViewController.m */ = {isa = PBXFileReference; fileEncoding = 4; lastKnownFileType = sourcecode.c.objc; path = ViewController.m; sourceTree = "<group>"; };
		8EEF6E6F1D51EF8A00C59360 /* HXH_RACSignal.h */ = {isa = PBXFileReference; fileEncoding = 4; lastKnownFileType = sourcecode.c.h; path = HXH_RACSignal.h; sourceTree = "<group>"; };
		8EEF6E701D51EF8A00C59360 /* HXH_RACSignal.m */ = {isa = PBXFileReference; fileEncoding = 4; lastKnownFileType = sourcecode.c.objc; path = HXH_RACSignal.m; sourceTree = "<group>"; };
		9CEBB91B65BE266FC7455A38 /* Pods.debug.xcconfig */ = {isa = PBXFileReference; includeInIndex = 1; lastKnownFileType = text.xcconfig; name = Pods.debug.xcconfig; path = "Pods/Target Support Files/Pods/Pods.debug.xcconfig"; sourceTree = "<group>"; };
		C086CDAC21AC3A1049FBAE69 /* Pods_ZZReactiveCocoaTests.framework */ = {isa = PBXFileReference; explicitFileType = wrapper.framework; includeInIndex = 0; path = Pods_ZZReactiveCocoaTests.framework; sourceTree = BUILT_PRODUCTS_DIR; };
		C711A24D8178DA3F02FED064 /* Pods_ZZReactiveCocoaUITests.framework */ = {isa = PBXFileReference; explicitFileType = wrapper.framework; includeInIndex = 0; path = Pods_ZZReactiveCocoaUITests.framework; sourceTree = BUILT_PRODUCTS_DIR; };
		FBA05F11E2710E461C222CF5 /* libPods.a */ = {isa = PBXFileReference; explicitFileType = archive.ar; includeInIndex = 0; path = libPods.a; sourceTree = BUILT_PRODUCTS_DIR; };
/* End PBXFileReference section */

/* Begin PBXFrameworksBuildPhase section */
		8ECA740B1C06AF0000ECE0AE /* Frameworks */ = {
			isa = PBXFrameworksBuildPhase;
			buildActionMask = 2147483647;
			files = (
				8EEF6E481D51CF0A00C59360 /* libReactiveCocoa.a in Frameworks */,
				8EEF6E491D51CF0A00C59360 /* libSDWebImage.a in Frameworks */,
				8EEF6E441D51CEFA00C59360 /* libAFNetworking.a in Frameworks */,
				8EEF6E451D51CEFA00C59360 /* libPods-ZZReactiveCocoa.a in Frameworks */,
			);
			runOnlyForDeploymentPostprocessing = 0;
		};
		8ECA74241C06AF0000ECE0AE /* Frameworks */ = {
			isa = PBXFrameworksBuildPhase;
			buildActionMask = 2147483647;
			files = (
			);
			runOnlyForDeploymentPostprocessing = 0;
		};
		8ECA742F1C06AF0000ECE0AE /* Frameworks */ = {
			isa = PBXFrameworksBuildPhase;
			buildActionMask = 2147483647;
			files = (
			);
			runOnlyForDeploymentPostprocessing = 0;
		};
/* End PBXFrameworksBuildPhase section */

/* Begin PBXGroup section */
		8880093C2843ED61AF4AAD08 /* Pods */ = {
			isa = PBXGroup;
			children = (
				9CEBB91B65BE266FC7455A38 /* Pods.debug.xcconfig */,
				1968578E9FCA0B0F7DF5E232 /* Pods.release.xcconfig */,
				8C0508FDE32F231DC73ABA0B /* Pods-ZZReactiveCocoa.debug.xcconfig */,
				07B0C04FCAEB8812DF628219 /* Pods-ZZReactiveCocoa.release.xcconfig */,
			);
			name = Pods;
			sourceTree = "<group>";
		};
		8ECA74051C06AF0000ECE0AE = {
			isa = PBXGroup;
			children = (
				8ECA74101C06AF0000ECE0AE /* ZZReactiveCocoa */,
				8ECA742A1C06AF0000ECE0AE /* ZZReactiveCocoaTests */,
				8ECA74351C06AF0000ECE0AE /* ZZReactiveCocoaUITests */,
				8ECA740F1C06AF0000ECE0AE /* Products */,
				8880093C2843ED61AF4AAD08 /* Pods */,
				9B771D5953C75595D05ACA6B /* Frameworks */,
			);
			sourceTree = "<group>";
		};
		8ECA740F1C06AF0000ECE0AE /* Products */ = {
			isa = PBXGroup;
			children = (
				8ECA740E1C06AF0000ECE0AE /* ZZReactiveCocoa.app */,
				8ECA74271C06AF0000ECE0AE /* ZZReactiveCocoaTests.xctest */,
				8ECA74321C06AF0000ECE0AE /* ZZReactiveCocoaUITests.xctest */,
			);
			name = Products;
			sourceTree = "<group>";
		};
		8ECA74101C06AF0000ECE0AE /* ZZReactiveCocoa */ = {
			isa = PBXGroup;
			children = (
				8ECA74571C07179300ECE0AE /* 001.png */,
				8ECA74581C07179300ECE0AE /* 003.png */,
				8ECA74141C06AF0000ECE0AE /* AppDelegate.h */,
				8ECA74151C06AF0000ECE0AE /* AppDelegate.m */,
				8EE14CAC1D52278800751590 /* RAC常见用法 */,
				8EEF6E571D51EEA400C59360 /* RACBaseVC */,
				8EEF6E5C1D51EEA400C59360 /* RACLoginVC */,
				8EEF6E631D51EEA400C59360 /* RACRootVC */,
				8ECA741A1C06AF0000ECE0AE /* Main.storyboard */,
				8ECA741D1C06AF0000ECE0AE /* Assets.xcassets */,
				8ECA741F1C06AF0000ECE0AE /* LaunchScreen.storyboard */,
				8ECA74111C06AF0000ECE0AE /* Supporting Files */,
			);
			path = ZZReactiveCocoa;
			sourceTree = "<group>";
		};
		8ECA74111C06AF0000ECE0AE /* Supporting Files */ = {
			isa = PBXGroup;
			children = (
				8ECA74121C06AF0000ECE0AE /* main.m */,
				8ECA74451C06B5B600ECE0AE /* PrefixHeader.pch */,
				8ECA74221C06AF0000ECE0AE /* Info.plist */,
			);
			name = "Supporting Files";
			sourceTree = "<group>";
		};
		8ECA742A1C06AF0000ECE0AE /* ZZReactiveCocoaTests */ = {
			isa = PBXGroup;
			children = (
				8ECA742B1C06AF0000ECE0AE /* ZZReactiveCocoaTests.m */,
				8ECA742D1C06AF0000ECE0AE /* Info.plist */,
			);
			path = ZZReactiveCocoaTests;
			sourceTree = "<group>";
		};
		8ECA74351C06AF0000ECE0AE /* ZZReactiveCocoaUITests */ = {
			isa = PBXGroup;
			children = (
				8ECA74361C06AF0000ECE0AE /* ZZReactiveCocoaUITests.m */,
				8ECA74381C06AF0000ECE0AE /* Info.plist */,
			);
			path = ZZReactiveCocoaUITests;
			sourceTree = "<group>";
		};
		8EE14CAC1D52278800751590 /* RAC常见用法 */ = {
			isa = PBXGroup;
			children = (
				8EE14CAD1D5227A900751590 /* HXH_RACNormalUse.h */,
				8EE14CAE1D5227A900751590 /* HXH_RACNormalUse.m */,
			);
			path = "RAC常见用法";
			sourceTree = "<group>";
		};
		8EEF6E571D51EEA400C59360 /* RACBaseVC */ = {
			isa = PBXGroup;
			children = (
				8EEF6E581D51EEA400C59360 /* RACBase.h */,
				8EEF6E591D51EEA400C59360 /* RACBase.m */,
				8EEF6E5A1D51EEA400C59360 /* RACBaseViewController.h */,
				8EEF6E5B1D51EEA400C59360 /* RACBaseViewController.m */,
				8EEF6E6F1D51EF8A00C59360 /* HXH_RACSignal.h */,
				8EEF6E701D51EF8A00C59360 /* HXH_RACSignal.m */,
				8EE14CA01D51F3D600751590 /* HXH_RACSubject.h */,
				8EE14CA11D51F3D600751590 /* HXH_RACSubject.m */,
				8EE14CA31D51F5AF00751590 /* HXH_RACTuple.h */,
				8EE14CA41D51F5AF00751590 /* HXH_RACTuple.m */,
				8EE14CA61D521F8D00751590 /* HXH_RACCommand.h */,
				8EE14CA71D521F8D00751590 /* HXH_RACCommand.m */,
				8EE14CA91D52225800751590 /* HXH_RACMulticastConnection.h */,
				8EE14CAA1D52225800751590 /* HXH_RACMulticastConnection.m */,
			);
			path = RACBaseVC;
			sourceTree = "<group>";
		};
		8EEF6E5C1D51EEA400C59360 /* RACLoginVC */ = {
			isa = PBXGroup;
			children = (
				8EEF6E5D1D51EEA400C59360 /* LoginSuccessViewController.h */,
				8EEF6E5E1D51EEA400C59360 /* LoginSuccessViewController.m */,
				8EEF6E5F1D51EEA400C59360 /* LoginViewController.h */,
				8EEF6E601D51EEA400C59360 /* LoginViewController.m */,
				8EEF6E611D51EEA400C59360 /* LoginViewModel.h */,
				8EEF6E621D51EEA400C59360 /* LoginViewModel.m */,
			);
			path = RACLoginVC;
			sourceTree = "<group>";
		};
		8EEF6E631D51EEA400C59360 /* RACRootVC */ = {
			isa = PBXGroup;
			children = (
				8EEF6E641D51EEA400C59360 /* DemoItem.h */,
				8EEF6E651D51EEA400C59360 /* DemoItem.m */,
				8EEF6E661D51EEA400C59360 /* ViewController.h */,
				8EEF6E671D51EEA400C59360 /* ViewController.m */,
			);
			path = RACRootVC;
			sourceTree = "<group>";
		};
		9B771D5953C75595D05ACA6B /* Frameworks */ = {
			isa = PBXGroup;
			children = (
				8EEF6E461D51CF0A00C59360 /* libReactiveCocoa.a */,
				8EEF6E471D51CF0A00C59360 /* libSDWebImage.a */,
				8EEF6E421D51CEFA00C59360 /* libAFNetworking.a */,
				8EEF6E431D51CEFA00C59360 /* libPods-ZZReactiveCocoa.a */,
				8EEF6E3C1D51CBA000C59360 /* AFNetworking.framework */,
				8EEF6E3D1D51CBA000C59360 /* ReactiveCocoa.framework */,
				8EEF6E3E1D51CBA000C59360 /* SDWebImage.framework */,
				FBA05F11E2710E461C222CF5 /* libPods.a */,
				C086CDAC21AC3A1049FBAE69 /* Pods_ZZReactiveCocoaTests.framework */,
				C711A24D8178DA3F02FED064 /* Pods_ZZReactiveCocoaUITests.framework */,
				7C1397C39A1BB0E666E7C57B /* libPods-ZZReactiveCocoa.a */,
			);
			name = Frameworks;
			sourceTree = "<group>";
		};
/* End PBXGroup section */

/* Begin PBXNativeTarget section */
		8ECA740D1C06AF0000ECE0AE /* ZZReactiveCocoa */ = {
			isa = PBXNativeTarget;
			buildConfigurationList = 8ECA743B1C06AF0000ECE0AE /* Build configuration list for PBXNativeTarget "ZZReactiveCocoa" */;
			buildPhases = (
				3E2CBAA77741F0ABA5C2E926 /* [CP] Check Pods Manifest.lock */,
				8ECA740A1C06AF0000ECE0AE /* Sources */,
				8ECA740B1C06AF0000ECE0AE /* Frameworks */,
				8ECA740C1C06AF0000ECE0AE /* Resources */,
				F17678CF5C3AED55F7A475EF /* [CP] Embed Pods Frameworks */,
				E9F711A93A248130702AD0FF /* [CP] Copy Pods Resources */,
			);
			buildRules = (
			);
			dependencies = (
			);
			name = ZZReactiveCocoa;
			productName = ZZReactiveCocoa;
			productReference = 8ECA740E1C06AF0000ECE0AE /* ZZReactiveCocoa.app */;
			productType = "com.apple.product-type.application";
		};
		8ECA74261C06AF0000ECE0AE /* ZZReactiveCocoaTests */ = {
			isa = PBXNativeTarget;
			buildConfigurationList = 8ECA743E1C06AF0000ECE0AE /* Build configuration list for PBXNativeTarget "ZZReactiveCocoaTests" */;
			buildPhases = (
				E94C4148B03A9B748A77A66C /* [CP] Check Pods Manifest.lock */,
				8ECA74231C06AF0000ECE0AE /* Sources */,
				8ECA74241C06AF0000ECE0AE /* Frameworks */,
				8ECA74251C06AF0000ECE0AE /* Resources */,
				3DAA4B9390358598567C538E /* [CP] Embed Pods Frameworks */,
				3D0EB30FEF7523D9FF249A44 /* [CP] Copy Pods Resources */,
			);
			buildRules = (
			);
			dependencies = (
				8ECA74291C06AF0000ECE0AE /* PBXTargetDependency */,
			);
			name = ZZReactiveCocoaTests;
			productName = ZZReactiveCocoaTests;
			productReference = 8ECA74271C06AF0000ECE0AE /* ZZReactiveCocoaTests.xctest */;
			productType = "com.apple.product-type.bundle.unit-test";
		};
		8ECA74311C06AF0000ECE0AE /* ZZReactiveCocoaUITests */ = {
			isa = PBXNativeTarget;
			buildConfigurationList = 8ECA74411C06AF0000ECE0AE /* Build configuration list for PBXNativeTarget "ZZReactiveCocoaUITests" */;
			buildPhases = (
				87997EAB9F6EDB8239A856A5 /* [CP] Check Pods Manifest.lock */,
				8ECA742E1C06AF0000ECE0AE /* Sources */,
				8ECA742F1C06AF0000ECE0AE /* Frameworks */,
				8ECA74301C06AF0000ECE0AE /* Resources */,
				AE6548DB7D8936DC802294D5 /* [CP] Copy Pods Resources */,
			);
			buildRules = (
			);
			dependencies = (
				8ECA74341C06AF0000ECE0AE /* PBXTargetDependency */,
			);
			name = ZZReactiveCocoaUITests;
			productName = ZZReactiveCocoaUITests;
			productReference = 8ECA74321C06AF0000ECE0AE /* ZZReactiveCocoaUITests.xctest */;
			productType = "com.apple.product-type.bundle.ui-testing";
		};
/* End PBXNativeTarget section */

/* Begin PBXProject section */
		8ECA74061C06AF0000ECE0AE /* Project object */ = {
			isa = PBXProject;
			attributes = {
				LastUpgradeCheck = 0710;
				ORGANIZATIONNAME = Bobo;
				TargetAttributes = {
					8ECA740D1C06AF0000ECE0AE = {
						CreatedOnToolsVersion = 7.1.1;
					};
					8ECA74261C06AF0000ECE0AE = {
						CreatedOnToolsVersion = 7.1.1;
						TestTargetID = 8ECA740D1C06AF0000ECE0AE;
					};
					8ECA74311C06AF0000ECE0AE = {
						CreatedOnToolsVersion = 7.1.1;
						TestTargetID = 8ECA740D1C06AF0000ECE0AE;
					};
				};
			};
			buildConfigurationList = 8ECA74091C06AF0000ECE0AE /* Build configuration list for PBXProject "ZZReactiveCocoa" */;
			compatibilityVersion = "Xcode 3.2";
			developmentRegion = English;
			hasScannedForEncodings = 0;
			knownRegions = (
				en,
				Base,
			);
			mainGroup = 8ECA74051C06AF0000ECE0AE;
			productRefGroup = 8ECA740F1C06AF0000ECE0AE /* Products */;
			projectDirPath = "";
			projectRoot = "";
			targets = (
				8ECA740D1C06AF0000ECE0AE /* ZZReactiveCocoa */,
				8ECA74261C06AF0000ECE0AE /* ZZReactiveCocoaTests */,
				8ECA74311C06AF0000ECE0AE /* ZZReactiveCocoaUITests */,
			);
		};
/* End PBXProject section */

/* Begin PBXResourcesBuildPhase section */
		8ECA740C1C06AF0000ECE0AE /* Resources */ = {
			isa = PBXResourcesBuildPhase;
			buildActionMask = 2147483647;
			files = (
				8ECA74211C06AF0000ECE0AE /* LaunchScreen.storyboard in Resources */,
				8ECA741E1C06AF0000ECE0AE /* Assets.xcassets in Resources */,
				8ECA745A1C07179300ECE0AE /* 003.png in Resources */,
				8ECA741C1C06AF0000ECE0AE /* Main.storyboard in Resources */,
				8ECA74591C07179300ECE0AE /* 001.png in Resources */,
			);
			runOnlyForDeploymentPostprocessing = 0;
		};
		8ECA74251C06AF0000ECE0AE /* Resources */ = {
			isa = PBXResourcesBuildPhase;
			buildActionMask = 2147483647;
			files = (
			);
			runOnlyForDeploymentPostprocessing = 0;
		};
		8ECA74301C06AF0000ECE0AE /* Resources */ = {
			isa = PBXResourcesBuildPhase;
			buildActionMask = 2147483647;
			files = (
			);
			runOnlyForDeploymentPostprocessing = 0;
		};
/* End PBXResourcesBuildPhase section */

/* Begin PBXShellScriptBuildPhase section */
		3D0EB30FEF7523D9FF249A44 /* [CP] Copy Pods Resources */ = {
			isa = PBXShellScriptBuildPhase;
			buildActionMask = 2147483647;
			files = (
			);
			inputPaths = (
			);
			name = "[CP] Copy Pods Resources";
			outputPaths = (
			);
			runOnlyForDeploymentPostprocessing = 0;
			shellPath = /bin/sh;
			shellScript = "\"${SRCROOT}/Pods/Target Support Files/Pods-ZZReactiveCocoaTests/Pods-ZZReactiveCocoaTests-resources.sh\"\n";
			showEnvVarsInLog = 0;
		};
		3DAA4B9390358598567C538E /* [CP] Embed Pods Frameworks */ = {
			isa = PBXShellScriptBuildPhase;
			buildActionMask = 2147483647;
			files = (
			);
			inputPaths = (
			);
			name = "[CP] Embed Pods Frameworks";
			outputPaths = (
			);
			runOnlyForDeploymentPostprocessing = 0;
			shellPath = /bin/sh;
			shellScript = "\"${SRCROOT}/Pods/Target Support Files/Pods-ZZReactiveCocoaTests/Pods-ZZReactiveCocoaTests-frameworks.sh\"\n";
			showEnvVarsInLog = 0;
		};
		3E2CBAA77741F0ABA5C2E926 /* [CP] Check Pods Manifest.lock */ = {
			isa = PBXShellScriptBuildPhase;
			buildActionMask = 2147483647;
			files = (
			);
			inputPaths = (
			);
			name = "[CP] Check Pods Manifest.lock";
			outputPaths = (
			);
			runOnlyForDeploymentPostprocessing = 0;
			shellPath = /bin/sh;
			shellScript = "diff \"${PODS_ROOT}/../Podfile.lock\" \"${PODS_ROOT}/Manifest.lock\" > /dev/null\nif [[ $? != 0 ]] ; then\n    cat << EOM\nerror: The sandbox is not in sync with the Podfile.lock. Run 'pod install' or update your CocoaPods installation.\nEOM\n    exit 1\nfi\n";
			showEnvVarsInLog = 0;
		};
		87997EAB9F6EDB8239A856A5 /* [CP] Check Pods Manifest.lock */ = {
			isa = PBXShellScriptBuildPhase;
			buildActionMask = 2147483647;
			files = (
			);
			inputPaths = (
			);
			name = "[CP] Check Pods Manifest.lock";
			outputPaths = (
			);
			runOnlyForDeploymentPostprocessing = 0;
			shellPath = /bin/sh;
			shellScript = "diff \"${PODS_ROOT}/../Podfile.lock\" \"${PODS_ROOT}/Manifest.lock\" > /dev/null\nif [[ $? != 0 ]] ; then\n    cat << EOM\nerror: The sandbox is not in sync with the Podfile.lock. Run 'pod install' or update your CocoaPods installation.\nEOM\n    exit 1\nfi\n";
			showEnvVarsInLog = 0;
		};
		AE6548DB7D8936DC802294D5 /* [CP] Copy Pods Resources */ = {
			isa = PBXShellScriptBuildPhase;
			buildActionMask = 2147483647;
			files = (
			);
			inputPaths = (
			);
			name = "[CP] Copy Pods Resources";
			outputPaths = (
			);
			runOnlyForDeploymentPostprocessing = 0;
			shellPath = /bin/sh;
			shellScript = "\"${SRCROOT}/Pods/Target Support Files/Pods-ZZReactiveCocoaUITests/Pods-ZZReactiveCocoaUITests-resources.sh\"\n";
			showEnvVarsInLog = 0;
		};
		E94C4148B03A9B748A77A66C /* [CP] Check Pods Manifest.lock */ = {
			isa = PBXShellScriptBuildPhase;
			buildActionMask = 2147483647;
			files = (
			);
			inputPaths = (
			);
			name = "[CP] Check Pods Manifest.lock";
			outputPaths = (
			);
			runOnlyForDeploymentPostprocessing = 0;
			shellPath = /bin/sh;
			shellScript = "diff \"${PODS_ROOT}/../Podfile.lock\" \"${PODS_ROOT}/Manifest.lock\" > /dev/null\nif [[ $? != 0 ]] ; then\n    cat << EOM\nerror: The sandbox is not in sync with the Podfile.lock. Run 'pod install' or update your CocoaPods installation.\nEOM\n    exit 1\nfi\n";
			showEnvVarsInLog = 0;
		};
		E9F711A93A248130702AD0FF /* [CP] Copy Pods Resources */ = {
			isa = PBXShellScriptBuildPhase;
			buildActionMask = 2147483647;
			files = (
			);
			inputPaths = (
			);
			name = "[CP] Copy Pods Resources";
			outputPaths = (
			);
			runOnlyForDeploymentPostprocessing = 0;
			shellPath = /bin/sh;
			shellScript = "\"${SRCROOT}/Pods/Target Support Files/Pods-ZZReactiveCocoa/Pods-ZZReactiveCocoa-resources.sh\"\n";
			showEnvVarsInLog = 0;
		};
		F17678CF5C3AED55F7A475EF /* [CP] Embed Pods Frameworks */ = {
			isa = PBXShellScriptBuildPhase;
			buildActionMask = 2147483647;
			files = (
			);
			inputPaths = (
			);
			name = "[CP] Embed Pods Frameworks";
			outputPaths = (
			);
			runOnlyForDeploymentPostprocessing = 0;
			shellPath = /bin/sh;
			shellScript = "\"${SRCROOT}/Pods/Target Support Files/Pods-ZZReactiveCocoa/Pods-ZZReactiveCocoa-frameworks.sh\"\n";
			showEnvVarsInLog = 0;
		};
/* End PBXShellScriptBuildPhase section */

/* Begin PBXSourcesBuildPhase section */
		8ECA740A1C06AF0000ECE0AE /* Sources */ = {
			isa = PBXSourcesBuildPhase;
			buildActionMask = 2147483647;
			files = (
				8EEF6E6E1D51EEA400C59360 /* ViewController.m in Sources */,
				8EEF6E681D51EEA400C59360 /* RACBase.m in Sources */,
				8EEF6E6D1D51EEA400C59360 /* DemoItem.m in Sources */,
				8ECA74161C06AF0000ECE0AE /* AppDelegate.m in Sources */,
				8EE14CA51D51F5AF00751590 /* HXH_RACTuple.m in Sources */,
				8EEF6E6B1D51EEA400C59360 /* LoginViewController.m in Sources */,
				8EE14CAB1D52225800751590 /* HXH_RACMulticastConnection.m in Sources */,
				8EE14CA21D51F3D600751590 /* HXH_RACSubject.m in Sources */,
				8EE14CA81D521F8D00751590 /* HXH_RACCommand.m in Sources */,
				8EEF6E711D51EF8A00C59360 /* HXH_RACSignal.m in Sources */,
				8EEF6E6A1D51EEA400C59360 /* LoginSuccessViewController.m in Sources */,
				8EEF6E6C1D51EEA400C59360 /* LoginViewModel.m in Sources */,
				8EEF6E691D51EEA400C59360 /* RACBaseViewController.m in Sources */,
				8ECA74131C06AF0000ECE0AE /* main.m in Sources */,
				8EE14CAF1D5227A900751590 /* HXH_RACNormalUse.m in Sources */,
			);
			runOnlyForDeploymentPostprocessing = 0;
		};
		8ECA74231C06AF0000ECE0AE /* Sources */ = {
			isa = PBXSourcesBuildPhase;
			buildActionMask = 2147483647;
			files = (
				8ECA742C1C06AF0000ECE0AE /* ZZReactiveCocoaTests.m in Sources */,
			);
			runOnlyForDeploymentPostprocessing = 0;
		};
		8ECA742E1C06AF0000ECE0AE /* Sources */ = {
			isa = PBXSourcesBuildPhase;
			buildActionMask = 2147483647;
			files = (
				8ECA74371C06AF0000ECE0AE /* ZZReactiveCocoaUITests.m in Sources */,
			);
			runOnlyForDeploymentPostprocessing = 0;
		};
/* End PBXSourcesBuildPhase section */

/* Begin PBXTargetDependency section */
		8ECA74291C06AF0000ECE0AE /* PBXTargetDependency */ = {
			isa = PBXTargetDependency;
			target = 8ECA740D1C06AF0000ECE0AE /* ZZReactiveCocoa */;
			targetProxy = 8ECA74281C06AF0000ECE0AE /* PBXContainerItemProxy */;
		};
		8ECA74341C06AF0000ECE0AE /* PBXTargetDependency */ = {
			isa = PBXTargetDependency;
			target = 8ECA740D1C06AF0000ECE0AE /* ZZReactiveCocoa */;
			targetProxy = 8ECA74331C06AF0000ECE0AE /* PBXContainerItemProxy */;
		};
/* End PBXTargetDependency section */

/* Begin PBXVariantGroup section */
		8ECA741A1C06AF0000ECE0AE /* Main.storyboard */ = {
			isa = PBXVariantGroup;
			children = (
				8ECA741B1C06AF0000ECE0AE /* Base */,
			);
			name = Main.storyboard;
			sourceTree = "<group>";
		};
		8ECA741F1C06AF0000ECE0AE /* LaunchScreen.storyboard */ = {
			isa = PBXVariantGroup;
			children = (
				8ECA74201C06AF0000ECE0AE /* Base */,
			);
			name = LaunchScreen.storyboard;
			sourceTree = "<group>";
		};
/* End PBXVariantGroup section */

/* Begin XCBuildConfiguration section */
		8ECA74391C06AF0000ECE0AE /* Debug */ = {
			isa = XCBuildConfiguration;
			buildSettings = {
				ALWAYS_SEARCH_USER_PATHS = NO;
				CLANG_CXX_LANGUAGE_STANDARD = "gnu++0x";
				CLANG_CXX_LIBRARY = "libc++";
				CLANG_ENABLE_MODULES = YES;
				CLANG_ENABLE_OBJC_ARC = YES;
				CLANG_WARN_BOOL_CONVERSION = YES;
				CLANG_WARN_CONSTANT_CONVERSION = YES;
				CLANG_WARN_DIRECT_OBJC_ISA_USAGE = YES_ERROR;
				CLANG_WARN_EMPTY_BODY = YES;
				CLANG_WARN_ENUM_CONVERSION = YES;
				CLANG_WARN_INT_CONVERSION = YES;
				CLANG_WARN_OBJC_ROOT_CLASS = YES_ERROR;
				CLANG_WARN_UNREACHABLE_CODE = YES;
				CLANG_WARN__DUPLICATE_METHOD_MATCH = YES;
				"CODE_SIGN_IDENTITY[sdk=iphoneos*]" = "iPhone Developer";
				COPY_PHASE_STRIP = NO;
				DEBUG_INFORMATION_FORMAT = dwarf;
				ENABLE_STRICT_OBJC_MSGSEND = YES;
				ENABLE_TESTABILITY = YES;
				GCC_C_LANGUAGE_STANDARD = gnu99;
				GCC_DYNAMIC_NO_PIC = NO;
				GCC_NO_COMMON_BLOCKS = YES;
				GCC_OPTIMIZATION_LEVEL = 0;
				GCC_PREPROCESSOR_DEFINITIONS = (
					"DEBUG=1",
					"$(inherited)",
				);
				GCC_WARN_64_TO_32_BIT_CONVERSION = YES;
				GCC_WARN_ABOUT_RETURN_TYPE = YES_ERROR;
				GCC_WARN_UNDECLARED_SELECTOR = YES;
				GCC_WARN_UNINITIALIZED_AUTOS = YES_AGGRESSIVE;
				GCC_WARN_UNUSED_FUNCTION = YES;
				GCC_WARN_UNUSED_VARIABLE = YES;
				IPHONEOS_DEPLOYMENT_TARGET = 9.1;
				MTL_ENABLE_DEBUG_INFO = YES;
				ONLY_ACTIVE_ARCH = YES;
				SDKROOT = iphoneos;
				TARGETED_DEVICE_FAMILY = "1,2";
			};
			name = Debug;
		};
		8ECA743A1C06AF0000ECE0AE /* Release */ = {
			isa = XCBuildConfiguration;
			buildSettings = {
				ALWAYS_SEARCH_USER_PATHS = NO;
				CLANG_CXX_LANGUAGE_STANDARD = "gnu++0x";
				CLANG_CXX_LIBRARY = "libc++";
				CLANG_ENABLE_MODULES = YES;
				CLANG_ENABLE_OBJC_ARC = YES;
				CLANG_WARN_BOOL_CONVERSION = YES;
				CLANG_WARN_CONSTANT_CONVERSION = YES;
				CLANG_WARN_DIRECT_OBJC_ISA_USAGE = YES_ERROR;
				CLANG_WARN_EMPTY_BODY = YES;
				CLANG_WARN_ENUM_CONVERSION = YES;
				CLANG_WARN_INT_CONVERSION = YES;
				CLANG_WARN_OBJC_ROOT_CLASS = YES_ERROR;
				CLANG_WARN_UNREACHABLE_CODE = YES;
				CLANG_WARN__DUPLICATE_METHOD_MATCH = YES;
				"CODE_SIGN_IDENTITY[sdk=iphoneos*]" = "iPhone Developer";
				COPY_PHASE_STRIP = NO;
				DEBUG_INFORMATION_FORMAT = "dwarf-with-dsym";
				ENABLE_NS_ASSERTIONS = NO;
				ENABLE_STRICT_OBJC_MSGSEND = YES;
				GCC_C_LANGUAGE_STANDARD = gnu99;
				GCC_NO_COMMON_BLOCKS = YES;
				GCC_WARN_64_TO_32_BIT_CONVERSION = YES;
				GCC_WARN_ABOUT_RETURN_TYPE = YES_ERROR;
				GCC_WARN_UNDECLARED_SELECTOR = YES;
				GCC_WARN_UNINITIALIZED_AUTOS = YES_AGGRESSIVE;
				GCC_WARN_UNUSED_FUNCTION = YES;
				GCC_WARN_UNUSED_VARIABLE = YES;
				IPHONEOS_DEPLOYMENT_TARGET = 9.1;
				MTL_ENABLE_DEBUG_INFO = NO;
				SDKROOT = iphoneos;
				TARGETED_DEVICE_FAMILY = "1,2";
				VALIDATE_PRODUCT = YES;
			};
			name = Release;
		};
		8ECA743C1C06AF0000ECE0AE /* Debug */ = {
			isa = XCBuildConfiguration;
			baseConfigurationReference = 8C0508FDE32F231DC73ABA0B /* Pods-ZZReactiveCocoa.debug.xcconfig */;
			buildSettings = {
				ASSETCATALOG_COMPILER_APPICON_NAME = AppIcon;
				FRAMEWORK_SEARCH_PATHS = "$(inherited)";
				GCC_PREFIX_HEADER = "$(SRCROOT)/ZZReactiveCocoa/PrefixHeader.pch";
				INFOPLIST_FILE = ZZReactiveCocoa/Info.plist;
				IPHONEOS_DEPLOYMENT_TARGET = 7.0;
				LD_RUNPATH_SEARCH_PATHS = "$(inherited) @executable_path/Frameworks";
				OTHER_LDFLAGS = "-ObjC";
				PRODUCT_BUNDLE_IDENTIFIER = com.7color.ZZReactiveCocoa;
				PRODUCT_NAME = "$(TARGET_NAME)";
			};
			name = Debug;
		};
		8ECA743D1C06AF0000ECE0AE /* Release */ = {
			isa = XCBuildConfiguration;
			baseConfigurationReference = 07B0C04FCAEB8812DF628219 /* Pods-ZZReactiveCocoa.release.xcconfig */;
			buildSettings = {
				ASSETCATALOG_COMPILER_APPICON_NAME = AppIcon;
				FRAMEWORK_SEARCH_PATHS = "$(inherited)";
				GCC_PREFIX_HEADER = "$(SRCROOT)/ZZReactiveCocoa/PrefixHeader.pch";
				INFOPLIST_FILE = ZZReactiveCocoa/Info.plist;
				IPHONEOS_DEPLOYMENT_TARGET = 7.0;
				LD_RUNPATH_SEARCH_PATHS = "$(inherited) @executable_path/Frameworks";
				OTHER_LDFLAGS = "-ObjC";
				PRODUCT_BUNDLE_IDENTIFIER = com.7color.ZZReactiveCocoa;
				PRODUCT_NAME = "$(TARGET_NAME)";
			};
			name = Release;
		};
		8ECA743F1C06AF0000ECE0AE /* Debug */ = {
			isa = XCBuildConfiguration;
			buildSettings = {
				BUNDLE_LOADER = "$(TEST_HOST)";
				INFOPLIST_FILE = ZZReactiveCocoaTests/Info.plist;
				LD_RUNPATH_SEARCH_PATHS = "$(inherited) @executable_path/Frameworks @loader_path/Frameworks";
				PRODUCT_BUNDLE_IDENTIFIER = com.7color.ZZReactiveCocoaTests;
				PRODUCT_NAME = "$(TARGET_NAME)";
				TEST_HOST = "$(BUILT_PRODUCTS_DIR)/ZZReactiveCocoa.app/ZZReactiveCocoa";
			};
			name = Debug;
		};
		8ECA74401C06AF0000ECE0AE /* Release */ = {
			isa = XCBuildConfiguration;
			buildSettings = {
				BUNDLE_LOADER = "$(TEST_HOST)";
				INFOPLIST_FILE = ZZReactiveCocoaTests/Info.plist;
				LD_RUNPATH_SEARCH_PATHS = "$(inherited) @executable_path/Frameworks @loader_path/Frameworks";
				PRODUCT_BUNDLE_IDENTIFIER = com.7color.ZZReactiveCocoaTests;
				PRODUCT_NAME = "$(TARGET_NAME)";
				TEST_HOST = "$(BUILT_PRODUCTS_DIR)/ZZReactiveCocoa.app/ZZReactiveCocoa";
			};
			name = Release;
		};
		8ECA74421C06AF0000ECE0AE /* Debug */ = {
			isa = XCBuildConfiguration;
			buildSettings = {
				INFOPLIST_FILE = ZZReactiveCocoaUITests/Info.plist;
				LD_RUNPATH_SEARCH_PATHS = "$(inherited) @executable_path/Frameworks @loader_path/Frameworks";
				PRODUCT_BUNDLE_IDENTIFIER = com.7color.ZZReactiveCocoaUITests;
				PRODUCT_NAME = "$(TARGET_NAME)";
				TEST_TARGET_NAME = ZZReactiveCocoa;
				USES_XCTRUNNER = YES;
			};
			name = Debug;
		};
		8ECA74431C06AF0000ECE0AE /* Release */ = {
			isa = XCBuildConfiguration;
			buildSettings = {
				INFOPLIST_FILE = ZZReactiveCocoaUITests/Info.plist;
				LD_RUNPATH_SEARCH_PATHS = "$(inherited) @executable_path/Frameworks @loader_path/Frameworks";
				PRODUCT_BUNDLE_IDENTIFIER = com.7color.ZZReactiveCocoaUITests;
				PRODUCT_NAME = "$(TARGET_NAME)";
				TEST_TARGET_NAME = ZZReactiveCocoa;
				USES_XCTRUNNER = YES;
			};
			name = Release;
		};
/* End XCBuildConfiguration section */

/* Begin XCConfigurationList section */
		8ECA74091C06AF0000ECE0AE /* Build configuration list for PBXProject "ZZReactiveCocoa" */ = {
			isa = XCConfigurationList;
			buildConfigurations = (
				8ECA74391C06AF0000ECE0AE /* Debug */,
				8ECA743A1C06AF0000ECE0AE /* Release */,
			);
			defaultConfigurationIsVisible = 0;
			defaultConfigurationName = Release;
		};
		8ECA743B1C06AF0000ECE0AE /* Build configuration list for PBXNativeTarget "ZZReactiveCocoa" */ = {
			isa = XCConfigurationList;
			buildConfigurations = (
				8ECA743C1C06AF0000ECE0AE /* Debug */,
				8ECA743D1C06AF0000ECE0AE /* Release */,
			);
			defaultConfigurationIsVisible = 0;
			defaultConfigurationName = Release;
		};
		8ECA743E1C06AF0000ECE0AE /* Build configuration list for PBXNativeTarget "ZZReactiveCocoaTests" */ = {
			isa = XCConfigurationList;
			buildConfigurations = (
				8ECA743F1C06AF0000ECE0AE /* Debug */,
				8ECA74401C06AF0000ECE0AE /* Release */,
			);
			defaultConfigurationIsVisible = 0;
			defaultConfigurationName = Release;
		};
		8ECA74411C06AF0000ECE0AE /* Build configuration list for PBXNativeTarget "ZZReactiveCocoaUITests" */ = {
			isa = XCConfigurationList;
			buildConfigurations = (
				8ECA74421C06AF0000ECE0AE /* Debug */,
				8ECA74431C06AF0000ECE0AE /* Release */,
			);
			defaultConfigurationIsVisible = 0;
			defaultConfigurationName = Release;
		};
/* End XCConfigurationList section */
	};
	rootObject = 8ECA74061C06AF0000ECE0AE /* Project object */;
}
